
Microsoft Visual Studio Solution File, Format Version 12.00
# Visual Studio Version 16
VisualStudioVersion = 16.0.31112.23
MinimumVisualStudioVersion = 10.0.40219.1
Project("{FAE04EC0-301F-11D3-BF4B-00C04F79EFBC}") = "winform-app", "winform-app\winform-app.csproj", "{1C5B0226-704A-46A3-982D-400CCE1BBC1E}"
EndProject
Project("{FAE04EC0-301F-11D3-BF4B-00C04F79EFBC}") = "dominio", "dominio\dominio.csproj", "{1123F810-EF66-4379-8221-7D0BFE96C701}"
EndProject
Project("{FAE04EC0-301F-11D3-BF4B-00C04F79EFBC}") = "negocio", "negocio\negocio.csproj", "{974D539C-098C-4E52-89FB-7B433F91DC0C}"
EndProject
Global
	GlobalSection(SolutionConfigurationPlatforms) = preSolution
		Debug|Any CPU = Debug|Any CPU
		Release|Any CPU = Release|Any CPU
	EndGlobalSection
	GlobalSection(ProjectConfigurationPlatforms) = postSolution
		{1C5B0226-704A-46A3-982D-400CCE1BBC1E}.Debug|Any CPU.ActiveCfg = Debug|Any CPU
		{1C5B0226-704A-46A3-982D-400CCE1BBC1E}.Debug|Any CPU.Build.0 = Debug|Any CPU
		{1C5B0226-704A-46A3-982D-400CCE1BBC1E}.Release|Any CPU.ActiveCfg = Release|Any CPU
		{1C5B0226-704A-46A3-982D-400CCE1BBC1E}.Release|Any CPU.Build.0 = Release|Any CPU
		{1123F810-EF66-4379-8221-7D0BFE96C701}.Debug|Any CPU.ActiveCfg = Debug|Any CPU
		{1123F810-EF66-4379-8221-7D0BFE96C701}.Debug|Any CPU.Build.0 = Debug|Any CPU
		{1123F810-EF66-4379-8221-7D0BFE96C701}.Release|Any CPU.ActiveCfg = Release|Any CPU
		{1123F810-EF66-4379-8221-7D0BFE96C701}.Release|Any CPU.Build.0 = Release|Any CPU
		{974D539C-098C-4E52-89FB-7B433F91DC0C}.Debug|Any CPU.ActiveCfg = Debug|Any CPU
		{974D539C-098C-4E52-89FB-7B433F91DC0C}.Debug|Any CPU.Build.0 = Debug|Any CPU
		{974D539C-098C-4E52-89FB-7B433F91DC0C}.Release|Any CPU.ActiveCfg = Release|Any CPU
		{974D539C-098C-4E52-89FB-7B433F91DC0C}.Release|Any CPU.Build.0 = Release|Any CPU
	EndGlobalSection
	GlobalSection(SolutionProperties) = preSolution
		HideSolutionNode = FALSE
	EndGlobalSection
	GlobalSection(ExtensibilityGlobals) = postSolution
		SolutionGuid = {3BEE3B63-C876-4947-8BA3-3C0824FABA7E}
	EndGlobalSection
EndGlobal
